// !$*UTF8*$!
{
	archiveVersion = 1;
	classes = {
	};
	objectVersion = 51;
	objects = {

/* Begin PBXBuildFile section */
		050FF4E724C81A610021E6F0 /* AppDelegate.swift in Sources */ = {isa = PBXBuildFile; fileRef = 050FF4E624C81A610021E6F0 /* AppDelegate.swift */; };
		050FF4E924C81A610021E6F0 /* SceneDelegate.swift in Sources */ = {isa = PBXBuildFile; fileRef = 050FF4E824C81A610021E6F0 /* SceneDelegate.swift */; };
		050FF4EB24C81A610021E6F0 /* SearchViewController.swift in Sources */ = {isa = PBXBuildFile; fileRef = 050FF4EA24C81A610021E6F0 /* SearchViewController.swift */; };
		050FF4EE24C81A610021E6F0 /* Main.storyboard in Resources */ = {isa = PBXBuildFile; fileRef = 050FF4EC24C81A610021E6F0 /* Main.storyboard */; };
		050FF4F324C81A630021E6F0 /* LaunchScreen.storyboard in Resources */ = {isa = PBXBuildFile; fileRef = 050FF4F124C81A630021E6F0 /* LaunchScreen.storyboard */; };
		050FF51B24C8715C0021E6F0 /* AddViewController.swift in Sources */ = {isa = PBXBuildFile; fileRef = 050FF51A24C8715C0021E6F0 /* AddViewController.swift */; };
		050FF51D24C871960021E6F0 /* EditViewController.swift in Sources */ = {isa = PBXBuildFile; fileRef = 050FF51C24C871960021E6F0 /* EditViewController.swift */; };
		050FF52324C9C2230021E6F0 /* Item.swift in Sources */ = {isa = PBXBuildFile; fileRef = 050FF52224C9C2230021E6F0 /* Item.swift */; };
		050FF52524CABC750021E6F0 /* TodayViewController.swift in Sources */ = {isa = PBXBuildFile; fileRef = 050FF52424CABC750021E6F0 /* TodayViewController.swift */; };
		0569516024CBE14A00B57797 /* Assets.xcassets in Resources */ = {isa = PBXBuildFile; fileRef = 0569515F24CBE14A00B57797 /* Assets.xcassets */; };
		05F7D34124D0008600E98DC2 /* EditDateViewController.swift in Sources */ = {isa = PBXBuildFile; fileRef = 05F7D34024D0008600E98DC2 /* EditDateViewController.swift */; };
		85AD02621633C2A5FA62AE81 /* Pods_ToDoList.framework in Frameworks */ = {isa = PBXBuildFile; fileRef = FBF34AEBB1184A5CAF8D9160 /* Pods_ToDoList.framework */; };
/* End PBXBuildFile section */

/* Begin PBXFileReference section */
		050FF4E324C81A610021E6F0 /* ToDoList.app */ = {isa = PBXFileReference; explicitFileType = wrapper.application; includeInIndex = 0; path = ToDoList.app; sourceTree = BUILT_PRODUCTS_DIR; };
		050FF4E624C81A610021E6F0 /* AppDelegate.swift */ = {isa = PBXFileReference; lastKnownFileType = sourcecode.swift; path = AppDelegate.swift; sourceTree = "<group>"; };
		050FF4E824C81A610021E6F0 /* SceneDelegate.swift */ = {isa = PBXFileReference; lastKnownFileType = sourcecode.swift; path = SceneDelegate.swift; sourceTree = "<group>"; };
		050FF4EA24C81A610021E6F0 /* SearchViewController.swift */ = {isa = PBXFileReference; lastKnownFileType = sourcecode.swift; path = SearchViewController.swift; sourceTree = "<group>"; };
		050FF4ED24C81A610021E6F0 /* Base */ = {isa = PBXFileReference; lastKnownFileType = file.storyboard; name = Base; path = Base.lproj/Main.storyboard; sourceTree = "<group>"; };
		050FF4F224C81A630021E6F0 /* Base */ = {isa = PBXFileReference; lastKnownFileType = file.storyboard; name = Base; path = Base.lproj/LaunchScreen.storyboard; sourceTree = "<group>"; };
		050FF4F424C81A630021E6F0 /* Info.plist */ = {isa = PBXFileReference; lastKnownFileType = text.plist.xml; path = Info.plist; sourceTree = "<group>"; };
		050FF51A24C8715C0021E6F0 /* AddViewController.swift */ = {isa = PBXFileReference; lastKnownFileType = sourcecode.swift; path = AddViewController.swift; sourceTree = "<group>"; };
		050FF51C24C871960021E6F0 /* EditViewController.swift */ = {isa = PBXFileReference; lastKnownFileType = sourcecode.swift; path = EditViewController.swift; sourceTree = "<group>"; };
		050FF52224C9C2230021E6F0 /* Item.swift */ = {isa = PBXFileReference; lastKnownFileType = sourcecode.swift; path = Item.swift; sourceTree = "<group>"; };
		050FF52424CABC750021E6F0 /* TodayViewController.swift */ = {isa = PBXFileReference; lastKnownFileType = sourcecode.swift; path = TodayViewController.swift; sourceTree = "<group>"; };
		0569515F24CBE14A00B57797 /* Assets.xcassets */ = {isa = PBXFileReference; lastKnownFileType = folder.assetcatalog; path = Assets.xcassets; sourceTree = "<group>"; };
		05F7D34024D0008600E98DC2 /* EditDateViewController.swift */ = {isa = PBXFileReference; lastKnownFileType = sourcecode.swift; path = EditDateViewController.swift; sourceTree = "<group>"; };
		6597A56DADC25252195C05C4 /* Pods-ToDoList.release.xcconfig */ = {isa = PBXFileReference; includeInIndex = 1; lastKnownFileType = text.xcconfig; name = "Pods-ToDoList.release.xcconfig"; path = "Target Support Files/Pods-ToDoList/Pods-ToDoList.release.xcconfig"; sourceTree = "<group>"; };
		689C7112A68F6A89611D3B48 /* Pods-ToDoList.debug.xcconfig */ = {isa = PBXFileReference; includeInIndex = 1; lastKnownFileType = text.xcconfig; name = "Pods-ToDoList.debug.xcconfig"; path = "Target Support Files/Pods-ToDoList/Pods-ToDoList.debug.xcconfig"; sourceTree = "<group>"; };
		FBF34AEBB1184A5CAF8D9160 /* Pods_ToDoList.framework */ = {isa = PBXFileReference; explicitFileType = wrapper.framework; includeInIndex = 0; path = Pods_ToDoList.framework; sourceTree = BUILT_PRODUCTS_DIR; };
/* End PBXFileReference section */

/* Begin PBXFrameworksBuildPhase section */
		050FF4E024C81A610021E6F0 /* Frameworks */ = {
			isa = PBXFrameworksBuildPhase;
			buildActionMask = 2147483647;
			files = (
				85AD02621633C2A5FA62AE81 /* Pods_ToDoList.framework in Frameworks */,
			);
			runOnlyForDeploymentPostprocessing = 0;
		};
/* End PBXFrameworksBuildPhase section */

/* Begin PBXGroup section */
		050FF4DA24C81A610021E6F0 = {
			isa = PBXGroup;
			children = (
				050FF4E524C81A610021E6F0 /* ToDoList */,
				050FF4E424C81A610021E6F0 /* Products */,
				A7D8A032DDBA1666E729C0DD /* Pods */,
				D9351AFC5A185E47302C8C67 /* Frameworks */,
			);
			sourceTree = "<group>";
		};
		050FF4E424C81A610021E6F0 /* Products */ = {
			isa = PBXGroup;
			children = (
				050FF4E324C81A610021E6F0 /* ToDoList.app */,
			);
			name = Products;
			sourceTree = "<group>";
		};
		050FF4E524C81A610021E6F0 /* ToDoList */ = {
			isa = PBXGroup;
			children = (
				050FF4E624C81A610021E6F0 /* AppDelegate.swift */,
				050FF4E824C81A610021E6F0 /* SceneDelegate.swift */,
				050FF4EA24C81A610021E6F0 /* SearchViewController.swift */,
				050FF52424CABC750021E6F0 /* TodayViewController.swift */,
				050FF4EC24C81A610021E6F0 /* Main.storyboard */,
				050FF4F124C81A630021E6F0 /* LaunchScreen.storyboard */,
				0569515F24CBE14A00B57797 /* Assets.xcassets */,
				050FF4F424C81A630021E6F0 /* Info.plist */,
				050FF51A24C8715C0021E6F0 /* AddViewController.swift */,
				050FF51C24C871960021E6F0 /* EditViewController.swift */,
				05F7D34024D0008600E98DC2 /* EditDateViewController.swift */,
				050FF52224C9C2230021E6F0 /* Item.swift */,
			);
			path = ToDoList;
			sourceTree = "<group>";
		};
		A7D8A032DDBA1666E729C0DD /* Pods */ = {
			isa = PBXGroup;
			children = (
				689C7112A68F6A89611D3B48 /* Pods-ToDoList.debug.xcconfig */,
				6597A56DADC25252195C05C4 /* Pods-ToDoList.release.xcconfig */,
			);
			path = Pods;
			sourceTree = "<group>";
		};
		D9351AFC5A185E47302C8C67 /* Frameworks */ = {
			isa = PBXGroup;
			children = (
				FBF34AEBB1184A5CAF8D9160 /* Pods_ToDoList.framework */,
			);
			name = Frameworks;
			sourceTree = "<group>";
		};
/* End PBXGroup section */

/* Begin PBXNativeTarget section */
		050FF4E224C81A610021E6F0 /* ToDoList */ = {
			isa = PBXNativeTarget;
			buildConfigurationList = 050FF4F724C81A630021E6F0 /* Build configuration list for PBXNativeTarget "ToDoList" */;
			buildPhases = (
				AF7549028AD73D0891AA1EC1 /* [CP] Check Pods Manifest.lock */,
				050FF4DF24C81A610021E6F0 /* Sources */,
				050FF4E024C81A610021E6F0 /* Frameworks */,
				050FF4E124C81A610021E6F0 /* Resources */,
				CD378F59D7D93BFA2CDB1736 /* [CP] Embed Pods Frameworks */,
			);
			buildRules = (
			);
			dependencies = (
			);
			name = ToDoList;
			productName = ToDoList;
			productReference = 050FF4E324C81A610021E6F0 /* ToDoList.app */;
			productType = "com.apple.product-type.application";
		};
/* End PBXNativeTarget section */

/* Begin PBXProject section */
		050FF4DB24C81A610021E6F0 /* Project object */ = {
			isa = PBXProject;
			attributes = {
				LastSwiftUpdateCheck = 1160;
				LastUpgradeCheck = 1160;
				ORGANIZATIONNAME = "Trường Thành";
				TargetAttributes = {
					050FF4E224C81A610021E6F0 = {
						CreatedOnToolsVersion = 11.6;
					};
				};
			};
			buildConfigurationList = 050FF4DE24C81A610021E6F0 /* Build configuration list for PBXProject "ToDoList" */;
			compatibilityVersion = "Xcode 9.3";
			developmentRegion = en;
			hasScannedForEncodings = 0;
			knownRegions = (
				en,
				Base,
			);
			mainGroup = 050FF4DA24C81A610021E6F0;
			productRefGroup = 050FF4E424C81A610021E6F0 /* Products */;
			projectDirPath = "";
			projectRoot = "";
			targets = (
				050FF4E224C81A610021E6F0 /* ToDoList */,
			);
		};
/* End PBXProject section */

/* Begin PBXResourcesBuildPhase section */
		050FF4E124C81A610021E6F0 /* Resources */ = {
			isa = PBXResourcesBuildPhase;
			buildActionMask = 2147483647;
			files = (
				050FF4F324C81A630021E6F0 /* LaunchScreen.storyboard in Resources */,
				0569516024CBE14A00B57797 /* Assets.xcassets in Resources */,
				050FF4EE24C81A610021E6F0 /* Main.storyboard in Resources */,
			);
			runOnlyForDeploymentPostprocessing = 0;
		};
/* End PBXResourcesBuildPhase section */

/* Begin PBXShellScriptBuildPhase section */
		AF7549028AD73D0891AA1EC1 /* [CP] Check Pods Manifest.lock */ = {
			isa = PBXShellScriptBuildPhase;
			buildActionMask = 2147483647;
			files = (
			);
			inputFileListPaths = (
			);
			inputPaths = (
				"${PODS_PODFILE_DIR_PATH}/Podfile.lock",
				"${PODS_ROOT}/Manifest.lock",
			);
			name = "[CP] Check Pods Manifest.lock";
			outputFileListPaths = (
			);
			outputPaths = (
				"$(DERIVED_FILE_DIR)/Pods-ToDoList-checkManifestLockResult.txt",
			);
			runOnlyForDeploymentPostprocessing = 0;
			shellPath = /bin/sh;
			shellScript = "diff \"${PODS_PODFILE_DIR_PATH}/Podfile.lock\" \"${PODS_ROOT}/Manifest.lock\" > /dev/null\nif [ $? != 0 ] ; then\n    # print error to STDERR\n    echo \"error: The sandbox is not in sync with the Podfile.lock. Run 'pod install' or update your CocoaPods installation.\" >&2\n    exit 1\nfi\n# This output is used by Xcode 'outputs' to avoid re-running this script phase.\necho \"SUCCESS\" > \"${SCRIPT_OUTPUT_FILE_0}\"\n";
			showEnvVarsInLog = 0;
		};
		CD378F59D7D93BFA2CDB1736 /* [CP] Embed Pods Frameworks */ = {
			isa = PBXShellScriptBuildPhase;
			buildActionMask = 2147483647;
			files = (
			);
			inputFileListPaths = (
				"${PODS_ROOT}/Target Support Files/Pods-ToDoList/Pods-ToDoList-frameworks-${CONFIGURATION}-input-files.xcfilelist",
			);
			name = "[CP] Embed Pods Frameworks";
			outputFileListPaths = (
				"${PODS_ROOT}/Target Support Files/Pods-ToDoList/Pods-ToDoList-frameworks-${CONFIGURATION}-output-files.xcfilelist",
			);
			runOnlyForDeploymentPostprocessing = 0;
			shellPath = /bin/sh;
			shellScript = "\"${PODS_ROOT}/Target Support Files/Pods-ToDoList/Pods-ToDoList-frameworks.sh\"\n";
			showEnvVarsInLog = 0;
		};
/* End PBXShellScriptBuildPhase section */

/* Begin PBXSourcesBuildPhase section */
		050FF4DF24C81A610021E6F0 /* Sources */ = {
			isa = PBXSourcesBuildPhase;
			buildActionMask = 2147483647;
			files = (
				050FF4EB24C81A610021E6F0 /* SearchViewController.swift in Sources */,
				050FF52524CABC750021E6F0 /* TodayViewController.swift in Sources */,
				05F7D34124D0008600E98DC2 /* EditDateViewController.swift in Sources */,
				050FF51B24C8715C0021E6F0 /* AddViewController.swift in Sources */,
				050FF51D24C871960021E6F0 /* EditViewController.swift in Sources */,
				050FF4E724C81A610021E6F0 /* AppDelegate.swift in Sources */,
				050FF52324C9C2230021E6F0 /* Item.swift in Sources */,
				050FF4E924C81A610021E6F0 /* SceneDelegate.swift in Sources */,
			);
			runOnlyForDeploymentPostprocessing = 0;
		};
/* End PBXSourcesBuildPhase section */

/* Begin PBXVariantGroup section */
		050FF4EC24C81A610021E6F0 /* Main.storyboard */ = {
			isa = PBXVariantGroup;
			children = (
				050FF4ED24C81A610021E6F0 /* Base */,
			);
			name = Main.storyboard;
			sourceTree = "<group>";
		};
		050FF4F124C81A630021E6F0 /* LaunchScreen.storyboard */ = {
			isa = PBXVariantGroup;
			children = (
				050FF4F224C81A630021E6F0 /* Base */,
			);
			name = LaunchScreen.storyboard;
			sourceTree = "<group>";
		};
/* End PBXVariantGroup section */

/* Begin XCBuildConfiguration section */
		050FF4F524C81A630021E6F0 /* Debug */ = {
			isa = XCBuildConfiguration;
			buildSettings = {
				ALWAYS_SEARCH_USER_PATHS = NO;
				CLANG_ANALYZER_NONNULL = YES;
				CLANG_ANALYZER_NUMBER_OBJECT_CONVERSION = YES_AGGRESSIVE;
				CLANG_CXX_LANGUAGE_STANDARD = "gnu++14";
				CLANG_CXX_LIBRARY = "libc++";
				CLANG_ENABLE_MODULES = YES;
				CLANG_ENABLE_OBJC_ARC = YES;
				CLANG_ENABLE_OBJC_WEAK = YES;
				CLANG_WARN_BLOCK_CAPTURE_AUTORELEASING = YES;
				CLANG_WARN_BOOL_CONVERSION = YES;
				CLANG_WARN_COMMA = YES;
				CLANG_WARN_CONSTANT_CONVERSION = YES;
				CLANG_WARN_DEPRECATED_OBJC_IMPLEMENTATIONS = YES;
				CLANG_WARN_DIRECT_OBJC_ISA_USAGE = YES_ERROR;
				CLANG_WARN_DOCUMENTATION_COMMENTS = YES;
				CLANG_WARN_EMPTY_BODY = YES;
				CLANG_WARN_ENUM_CONVERSION = YES;
				CLANG_WARN_INFINITE_RECURSION = YES;
				CLANG_WARN_INT_CONVERSION = YES;
				CLANG_WARN_NON_LITERAL_NULL_CONVERSION = YES;
				CLANG_WARN_OBJC_IMPLICIT_RETAIN_SELF = YES;
				CLANG_WARN_OBJC_LITERAL_CONVERSION = YES;
				CLANG_WARN_OBJC_ROOT_CLASS = YES_ERROR;
				CLANG_WARN_RANGE_LOOP_ANALYSIS = YES;
				CLANG_WARN_STRICT_PROTOTYPES = YES;
				CLANG_WARN_SUSPICIOUS_MOVE = YES;
				CLANG_WARN_UNGUARDED_AVAILABILITY = YES_AGGRESSIVE;
				CLANG_WARN_UNREACHABLE_CODE = YES;
				CLANG_WARN__DUPLICATE_METHOD_MATCH = YES;
				COPY_PHASE_STRIP = NO;
				DEBUG_INFORMATION_FORMAT = dwarf;
				ENABLE_STRICT_OBJC_MSGSEND = YES;
				ENABLE_TESTABILITY = YES;
				GCC_C_LANGUAGE_STANDARD = gnu11;
				GCC_DYNAMIC_NO_PIC = NO;
				GCC_NO_COMMON_BLOCKS = YES;
				GCC_OPTIMIZATION_LEVEL = 0;
				GCC_PREPROCESSOR_DEFINITIONS = (
					"DEBUG=1",
					"$(inherited)",
				);
				GCC_WARN_64_TO_32_BIT_CONVERSION = YES;
				GCC_WARN_ABOUT_RETURN_TYPE = YES_ERROR;
				GCC_WARN_UNDECLARED_SELECTOR = YES;
				GCC_WARN_UNINITIALIZED_AUTOS = YES_AGGRESSIVE;
				GCC_WARN_UNUSED_FUNCTION = YES;
				GCC_WARN_UNUSED_VARIABLE = YES;
				IPHONEOS_DEPLOYMENT_TARGET = 13.6;
				MTL_ENABLE_DEBUG_INFO = INCLUDE_SOURCE;
				MTL_FAST_MATH = YES;
				ONLY_ACTIVE_ARCH = YES;
				SDKROOT = iphoneos;
				SWIFT_ACTIVE_COMPILATION_CONDITIONS = DEBUG;
				SWIFT_OPTIMIZATION_LEVEL = "-Onone";
			};
			name = Debug;
		};
		050FF4F624C81A630021E6F0 /* Release */ = {
			isa = XCBuildConfiguration;
			buildSettings = {
				ALWAYS_SEARCH_USER_PATHS = NO;
				CLANG_ANALYZER_NONNULL = YES;
				CLANG_ANALYZER_NUMBER_OBJECT_CONVERSION = YES_AGGRESSIVE;
				CLANG_CXX_LANGUAGE_STANDARD = "gnu++14";
				CLANG_CXX_LIBRARY = "libc++";
				CLANG_ENABLE_MODULES = YES;
				CLANG_ENABLE_OBJC_ARC = YES;
				CLANG_ENABLE_OBJC_WEAK = YES;
				CLANG_WARN_BLOCK_CAPTURE_AUTORELEASING = YES;
				CLANG_WARN_BOOL_CONVERSION = YES;
				CLANG_WARN_COMMA = YES;
				CLANG_WARN_CONSTANT_CONVERSION = YES;
				CLANG_WARN_DEPRECATED_OBJC_IMPLEMENTATIONS = YES;
				CLANG_WARN_DIRECT_OBJC_ISA_USAGE = YES_ERROR;
				CLANG_WARN_DOCUMENTATION_COMMENTS = YES;
				CLANG_WARN_EMPTY_BODY = YES;
				CLANG_WARN_ENUM_CONVERSION = YES;
				CLANG_WARN_INFINITE_RECURSION = YES;
				CLANG_WARN_INT_CONVERSION = YES;
				CLANG_WARN_NON_LITERAL_NULL_CONVERSION = YES;
				CLANG_WARN_OBJC_IMPLICIT_RETAIN_SELF = YES;
				CLANG_WARN_OBJC_LITERAL_CONVERSION = YES;
				CLANG_WARN_OBJC_ROOT_CLASS = YES_ERROR;
				CLANG_WARN_RANGE_LOOP_ANALYSIS = YES;
				CLANG_WARN_STRICT_PROTOTYPES = YES;
				CLANG_WARN_SUSPICIOUS_MOVE = YES;
				CLANG_WARN_UNGUARDED_AVAILABILITY = YES_AGGRESSIVE;
				CLANG_WARN_UNREACHABLE_CODE = YES;
				CLANG_WARN__DUPLICATE_METHOD_MATCH = YES;
				COPY_PHASE_STRIP = NO;
				DEBUG_INFORMATION_FORMAT = "dwarf-with-dsym";
				ENABLE_NS_ASSERTIONS = NO;
				ENABLE_STRICT_OBJC_MSGSEND = YES;
				GCC_C_LANGUAGE_STANDARD = gnu11;
				GCC_NO_COMMON_BLOCKS = YES;
				GCC_WARN_64_TO_32_BIT_CONVERSION = YES;
				GCC_WARN_ABOUT_RETURN_TYPE = YES_ERROR;
				GCC_WARN_UNDECLARED_SELECTOR = YES;
				GCC_WARN_UNINITIALIZED_AUTOS = YES_AGGRESSIVE;
				GCC_WARN_UNUSED_FUNCTION = YES;
				GCC_WARN_UNUSED_VARIABLE = YES;
				IPHONEOS_DEPLOYMENT_TARGET = 13.6;
				MTL_ENABLE_DEBUG_INFO = NO;
				MTL_FAST_MATH = YES;
				SDKROOT = iphoneos;
				SWIFT_COMPILATION_MODE = wholemodule;
				SWIFT_OPTIMIZATION_LEVEL = "-O";
				VALIDATE_PRODUCT = YES;
			};
			name = Release;
		};
		050FF4F824C81A630021E6F0 /* Debug */ = {
			isa = XCBuildConfiguration;
			baseConfigurationReference = 689C7112A68F6A89611D3B48 /* Pods-ToDoList.debug.xcconfig */;
			buildSettings = {
				ASSETCATALOG_COMPILER_APPICON_NAME = AppIcon;
				CODE_SIGN_STYLE = Automatic;
				INFOPLIST_FILE = ToDoList/Info.plist;
				LD_RUNPATH_SEARCH_PATHS = (
					"$(inherited)",
					"@executable_path/Frameworks",
				);
				PRODUCT_BUNDLE_IDENTIFIER = thanhnguyen.ToDoList;
				PRODUCT_NAME = "$(TARGET_NAME)";
				SWIFT_VERSION = 5.0;
				TARGETED_DEVICE_FAMILY = "1,2";
			};
			name = Debug;
		};
		050FF4F924C81A630021E6F0 /* Release */ = {
			isa = XCBuildConfiguration;
			baseConfigurationReference = 6597A56DADC25252195C05C4 /* Pods-ToDoList.release.xcconfig */;
			buildSettings = {
				ASSETCATALOG_COMPILER_APPICON_NAME = AppIcon;
				CODE_SIGN_STYLE = Automatic;
				INFOPLIST_FILE = ToDoList/Info.plist;
				LD_RUNPATH_SEARCH_PATHS = (
					"$(inherited)",
					"@executable_path/Frameworks",
				);
				PRODUCT_BUNDLE_IDENTIFIER = thanhnguyen.ToDoList;
				PRODUCT_NAME = "$(TARGET_NAME)";
				SWIFT_VERSION = 5.0;
				TARGETED_DEVICE_FAMILY = "1,2";
			};
			name = Release;
		};
/* End XCBuildConfiguration section */

/* Begin XCConfigurationList section */
		050FF4DE24C81A610021E6F0 /* Build configuration list for PBXProject "ToDoList" */ = {
			isa = XCConfigurationList;
			buildConfigurations = (
				050FF4F524C81A630021E6F0 /* Debug */,
				050FF4F624C81A630021E6F0 /* Release */,
			);
			defaultConfigurationIsVisible = 0;
			defaultConfigurationName = Release;
		};
		050FF4F724C81A630021E6F0 /* Build configuration list for PBXNativeTarget "ToDoList" */ = {
			isa = XCConfigurationList;
			buildConfigurations = (
				050FF4F824C81A630021E6F0 /* Debug */,
				050FF4F924C81A630021E6F0 /* Release */,
			);
			defaultConfigurationIsVisible = 0;
			defaultConfigurationName = Release;
		};
/* End XCConfigurationList section */
	};
	rootObject = 050FF4DB24C81A610021E6F0 /* Project object */;
}
